
Microsoft Visual Studio Solution File, Format Version 12.00
# Visual Studio Version 16
VisualStudioVersion = 16.0.30907.101
MinimumVisualStudioVersion = 10.0.40219.1
Project("{FAE04EC0-301F-11D3-BF4B-00C04F79EFBC}") = "GuiaEjercicios", "GuiaEjercicios\GuiaEjercicios.csproj", "{83BF9DCA-A519-4FCF-9D14-1A5541D22569}"
EndProject
Global
	GlobalSection(SolutionConfigurationPlatforms) = preSolution
		Debug|Any CPU = Debug|Any CPU
		Release|Any CPU = Release|Any CPU
	EndGlobalSection
	GlobalSection(ProjectConfigurationPlatforms) = postSolution
		{83BF9DCA-A519-4FCF-9D14-1A5541D22569}.Debug|Any CPU.ActiveCfg = Debug|Any CPU
		{83BF9DCA-A519-4FCF-9D14-1A5541D22569}.Debug|Any CPU.Build.0 = Debug|Any CPU
		{83BF9DCA-A519-4FCF-9D14-1A5541D22569}.Release|Any CPU.ActiveCfg = Release|Any CPU
		{83BF9DCA-A519-4FCF-9D14-1A5541D22569}.Release|Any CPU.Build.0 = Release|Any CPU
	EndGlobalSection
	GlobalSection(SolutionProperties) = preSolution
		HideSolutionNode = FALSE
	EndGlobalSection
	GlobalSection(ExtensibilityGlobals) = postSolution
		SolutionGuid = {8DDD0AE2-03FC-4835-B549-342CA7DC8431}
	EndGlobalSection
EndGlobal
